
Microsoft Visual Studio Solution File, Format Version 12.00
# Visual Studio Version 17
VisualStudioVersion = 17.0.32112.339
MinimumVisualStudioVersion = 10.0.40219.1
Project("{FAE04EC0-301F-11D3-BF4B-00C04F79EFBC}") = "myBook", "myBook\myBook.csproj", "{5C0AC106-234B-4253-9D89-15C24F15D973}"
EndProject
Global
	GlobalSection(SolutionConfigurationPlatforms) = preSolution
		Debug|Any CPU = Debug|Any CPU
		Release|Any CPU = Release|Any CPU
	EndGlobalSection
	GlobalSection(ProjectConfigurationPlatforms) = postSolution
		{5C0AC106-234B-4253-9D89-15C24F15D973}.Debug|Any CPU.ActiveCfg = Debug|Any CPU
		{5C0AC106-234B-4253-9D89-15C24F15D973}.Debug|Any CPU.Build.0 = Debug|Any CPU
		{5C0AC106-234B-4253-9D89-15C24F15D973}.Release|Any CPU.ActiveCfg = Release|Any CPU
		{5C0AC106-234B-4253-9D89-15C24F15D973}.Release|Any CPU.Build.0 = Release|Any CPU
	EndGlobalSection
	GlobalSection(SolutionProperties) = preSolution
		HideSolutionNode = FALSE
	EndGlobalSection
	GlobalSection(ExtensibilityGlobals) = postSolution
		SolutionGuid = {1A8AD30F-771B-49D1-BEB7-A0AF0614A83E}
	EndGlobalSection
EndGlobal
